
Microsoft Visual Studio Solution File, Format Version 12.00
# Visual Studio Version 17
VisualStudioVersion = 17.7.34003.232
MinimumVisualStudioVersion = 10.0.40219.1
Project("{8BC9CEB8-8B4A-11D0-8D11-00A0C91BC942}") = "TestProject", "TestProject\TestProject.vcxproj", "{6A44D201-0EF7-4F7D-9E5D-C79A540AFC05}"
	ProjectSection(ProjectDependencies) = postProject
		{4578BA94-82E6-48DC-8076-1A488E1CEC30} = {4578BA94-82E6-48DC-8076-1A488E1CEC30}
		{A4A15C6D-4541-4FF2-8BD5-F8ED82CE3520} = {A4A15C6D-4541-4FF2-8BD5-F8ED82CE3520}
		{AE17AC0D-66CB-4C35-BEE9-F19788487242} = {AE17AC0D-66CB-4C35-BEE9-F19788487242}
		{DAD03223-373D-4C3A-A547-545C80A7181D} = {DAD03223-373D-4C3A-A547-545C80A7181D}
		{FC960445-3EAA-4EFE-9C40-BCAC5E88F83A} = {FC960445-3EAA-4EFE-9C40-BCAC5E88F83A}
	EndProjectSection
EndProject
Project("{8BC9CEB8-8B4A-11D0-8D11-00A0C91BC942}") = "BitManip", "BitManip\BitManip.vcxproj", "{4578BA94-82E6-48DC-8076-1A488E1CEC30}"
	ProjectSection(ProjectDependencies) = postProject
		{A4A15C6D-4541-4FF2-8BD5-F8ED82CE3520} = {A4A15C6D-4541-4FF2-8BD5-F8ED82CE3520}
	EndProjectSection
EndProject
Project("{8BC9CEB8-8B4A-11D0-8D11-00A0C91BC942}") = "Debug_fnc", "Debug_fnc\Debug_fnc.vcxproj", "{A4A15C6D-4541-4FF2-8BD5-F8ED82CE3520}"
EndProject
Project("{8BC9CEB8-8B4A-11D0-8D11-00A0C91BC942}") = "Engine", "Engine\Engine.vcxproj", "{DAD03223-373D-4C3A-A547-545C80A7181D}"
	ProjectSection(ProjectDependencies) = postProject
		{4578BA94-82E6-48DC-8076-1A488E1CEC30} = {4578BA94-82E6-48DC-8076-1A488E1CEC30}
		{937741AF-0513-46B4-882D-3608E6FB1C74} = {937741AF-0513-46B4-882D-3608E6FB1C74}
		{A4A15C6D-4541-4FF2-8BD5-F8ED82CE3520} = {A4A15C6D-4541-4FF2-8BD5-F8ED82CE3520}
		{AE17AC0D-66CB-4C35-BEE9-F19788487242} = {AE17AC0D-66CB-4C35-BEE9-F19788487242}
	EndProjectSection
EndProject
Project("{8BC9CEB8-8B4A-11D0-8D11-00A0C91BC942}") = "Reversi8", "Reversi8\Reversi8.vcxproj", "{459CB872-B2FE-44DE-A7A2-9F8D3D061C2B}"
	ProjectSection(ProjectDependencies) = postProject
		{4578BA94-82E6-48DC-8076-1A488E1CEC30} = {4578BA94-82E6-48DC-8076-1A488E1CEC30}
		{A4A15C6D-4541-4FF2-8BD5-F8ED82CE3520} = {A4A15C6D-4541-4FF2-8BD5-F8ED82CE3520}
		{DAD03223-373D-4C3A-A547-545C80A7181D} = {DAD03223-373D-4C3A-A547-545C80A7181D}
	EndProjectSection
EndProject
Project("{8BC9CEB8-8B4A-11D0-8D11-00A0C91BC942}") = "Evaluate", "Evaluate\Evaluate.vcxproj", "{AE17AC0D-66CB-4C35-BEE9-F19788487242}"
	ProjectSection(ProjectDependencies) = postProject
		{4578BA94-82E6-48DC-8076-1A488E1CEC30} = {4578BA94-82E6-48DC-8076-1A488E1CEC30}
		{A4A15C6D-4541-4FF2-8BD5-F8ED82CE3520} = {A4A15C6D-4541-4FF2-8BD5-F8ED82CE3520}
	EndProjectSection
EndProject
Project("{8BC9CEB8-8B4A-11D0-8D11-00A0C91BC942}") = "ai2_minimax", "ai2_minimax\ai2_minimax.vcxproj", "{18D1D545-94F5-454D-A49B-57DDDF06865B}"
	ProjectSection(ProjectDependencies) = postProject
		{4578BA94-82E6-48DC-8076-1A488E1CEC30} = {4578BA94-82E6-48DC-8076-1A488E1CEC30}
		{A4A15C6D-4541-4FF2-8BD5-F8ED82CE3520} = {A4A15C6D-4541-4FF2-8BD5-F8ED82CE3520}
		{AE17AC0D-66CB-4C35-BEE9-F19788487242} = {AE17AC0D-66CB-4C35-BEE9-F19788487242}
		{DAD03223-373D-4C3A-A547-545C80A7181D} = {DAD03223-373D-4C3A-A547-545C80A7181D}
	EndProjectSection
EndProject
Project("{8BC9CEB8-8B4A-11D0-8D11-00A0C91BC942}") = "OthelloAI_Textbook", "OthelloAI_Textbook\OthelloAI_Textbook.vcxproj", "{2172D337-435A-452D-882F-0F42DDF2AF88}"
EndProject
Project("{8BC9CEB8-8B4A-11D0-8D11-00A0C91BC942}") = "Yamanas", "Yamanas\Yamanas.vcxproj", "{937741AF-0513-46B4-882D-3608E6FB1C74}"
	ProjectSection(ProjectDependencies) = postProject
		{4578BA94-82E6-48DC-8076-1A488E1CEC30} = {4578BA94-82E6-48DC-8076-1A488E1CEC30}
		{A4A15C6D-4541-4FF2-8BD5-F8ED82CE3520} = {A4A15C6D-4541-4FF2-8BD5-F8ED82CE3520}
	EndProjectSection
EndProject
Project("{8BC9CEB8-8B4A-11D0-8D11-00A0C91BC942}") = "ai_reversi", "ai_reversi\ai_reversi.vcxproj", "{9013F09F-2785-4910-9E55-881137663939}"
	ProjectSection(ProjectDependencies) = postProject
		{4578BA94-82E6-48DC-8076-1A488E1CEC30} = {4578BA94-82E6-48DC-8076-1A488E1CEC30}
		{937741AF-0513-46B4-882D-3608E6FB1C74} = {937741AF-0513-46B4-882D-3608E6FB1C74}
		{A4A15C6D-4541-4FF2-8BD5-F8ED82CE3520} = {A4A15C6D-4541-4FF2-8BD5-F8ED82CE3520}
		{DAD03223-373D-4C3A-A547-545C80A7181D} = {DAD03223-373D-4C3A-A547-545C80A7181D}
	EndProjectSection
EndProject
Project("{8BC9CEB8-8B4A-11D0-8D11-00A0C91BC942}") = "SubProcess", "SubProcess\SubProcess.vcxproj", "{FC960445-3EAA-4EFE-9C40-BCAC5E88F83A}"
	ProjectSection(ProjectDependencies) = postProject
		{A4A15C6D-4541-4FF2-8BD5-F8ED82CE3520} = {A4A15C6D-4541-4FF2-8BD5-F8ED82CE3520}
	EndProjectSection
EndProject
Project("{8BC9CEB8-8B4A-11D0-8D11-00A0C91BC942}") = "Debug_fnc_m256", "Debug_fnc_m256\Debug_fnc_m256.vcxproj", "{AAD7A98C-114A-47A2-BCDE-63F5E8A69686}"
EndProject
Project("{888888A0-9F3D-457C-B088-3A5042F75D52}") = "Reversi", "Reversi.pyproj", "{C6FF068D-4798-43AF-B53D-C787A9792758}"
EndProject
Project("{8BC9CEB8-8B4A-11D0-8D11-00A0C91BC942}") = "PTY-Debug", "..\PTY-Debug\PTY-Debug.vcxproj", "{53C465B3-5329-40AB-90F4-148E5AF2165E}"
EndProject
Global
	GlobalSection(SolutionConfigurationPlatforms) = preSolution
		Debug|Any CPU = Debug|Any CPU
		Debug|x64 = Debug|x64
		Debug|x86 = Debug|x86
		Release|Any CPU = Release|Any CPU
		Release|x64 = Release|x64
		Release|x86 = Release|x86
		RemoteDebug|Any CPU = RemoteDebug|Any CPU
		RemoteDebug|x64 = RemoteDebug|x64
		RemoteDebug|x86 = RemoteDebug|x86
		RemoteRelease|Any CPU = RemoteRelease|Any CPU
		RemoteRelease|x64 = RemoteRelease|x64
		RemoteRelease|x86 = RemoteRelease|x86
	EndGlobalSection
	GlobalSection(ProjectConfigurationPlatforms) = postSolution
		{6A44D201-0EF7-4F7D-9E5D-C79A540AFC05}.Debug|Any CPU.ActiveCfg = Debug|x64
		{6A44D201-0EF7-4F7D-9E5D-C79A540AFC05}.Debug|Any CPU.Build.0 = Debug|x64
		{6A44D201-0EF7-4F7D-9E5D-C79A540AFC05}.Debug|x64.ActiveCfg = Debug|x64
		{6A44D201-0EF7-4F7D-9E5D-C79A540AFC05}.Debug|x64.Build.0 = Debug|x64
		{6A44D201-0EF7-4F7D-9E5D-C79A540AFC05}.Debug|x86.ActiveCfg = Debug|Win32
		{6A44D201-0EF7-4F7D-9E5D-C79A540AFC05}.Debug|x86.Build.0 = Debug|Win32
		{6A44D201-0EF7-4F7D-9E5D-C79A540AFC05}.Release|Any CPU.ActiveCfg = Release|x64
		{6A44D201-0EF7-4F7D-9E5D-C79A540AFC05}.Release|Any CPU.Build.0 = Release|x64
		{6A44D201-0EF7-4F7D-9E5D-C79A540AFC05}.Release|x64.ActiveCfg = Release|x64
		{6A44D201-0EF7-4F7D-9E5D-C79A540AFC05}.Release|x64.Build.0 = Release|x64
		{6A44D201-0EF7-4F7D-9E5D-C79A540AFC05}.Release|x86.ActiveCfg = Release|Win32
		{6A44D201-0EF7-4F7D-9E5D-C79A540AFC05}.Release|x86.Build.0 = Release|Win32
		{6A44D201-0EF7-4F7D-9E5D-C79A540AFC05}.RemoteDebug|Any CPU.ActiveCfg = RemoteDebug|x64
		{6A44D201-0EF7-4F7D-9E5D-C79A540AFC05}.RemoteDebug|Any CPU.Build.0 = RemoteDebug|x64
		{6A44D201-0EF7-4F7D-9E5D-C79A540AFC05}.RemoteDebug|Any CPU.Deploy.0 = RemoteDebug|x64
		{6A44D201-0EF7-4F7D-9E5D-C79A540AFC05}.RemoteDebug|x64.ActiveCfg = RemoteDebug|x64
		{6A44D201-0EF7-4F7D-9E5D-C79A540AFC05}.RemoteDebug|x64.Build.0 = RemoteDebug|x64
		{6A44D201-0EF7-4F7D-9E5D-C79A540AFC05}.RemoteDebug|x64.Deploy.0 = RemoteDebug|x64
		{6A44D201-0EF7-4F7D-9E5D-C79A540AFC05}.RemoteDebug|x86.ActiveCfg = Release|Win32
		{6A44D201-0EF7-4F7D-9E5D-C79A540AFC05}.RemoteDebug|x86.Build.0 = Release|Win32
		{6A44D201-0EF7-4F7D-9E5D-C79A540AFC05}.RemoteRelease|Any CPU.ActiveCfg = RemoteRelease|x64
		{6A44D201-0EF7-4F7D-9E5D-C79A540AFC05}.RemoteRelease|Any CPU.Build.0 = RemoteRelease|x64
		{6A44D201-0EF7-4F7D-9E5D-C79A540AFC05}.RemoteRelease|Any CPU.Deploy.0 = RemoteRelease|x64
		{6A44D201-0EF7-4F7D-9E5D-C79A540AFC05}.RemoteRelease|x64.ActiveCfg = RemoteRelease|x64
		{6A44D201-0EF7-4F7D-9E5D-C79A540AFC05}.RemoteRelease|x64.Build.0 = RemoteRelease|x64
		{6A44D201-0EF7-4F7D-9E5D-C79A540AFC05}.RemoteRelease|x64.Deploy.0 = RemoteRelease|x64
		{6A44D201-0EF7-4F7D-9E5D-C79A540AFC05}.RemoteRelease|x86.ActiveCfg = Release|Win32
		{6A44D201-0EF7-4F7D-9E5D-C79A540AFC05}.RemoteRelease|x86.Build.0 = Release|Win32
		{4578BA94-82E6-48DC-8076-1A488E1CEC30}.Debug|Any CPU.ActiveCfg = Debug|x64
		{4578BA94-82E6-48DC-8076-1A488E1CEC30}.Debug|Any CPU.Build.0 = Debug|x64
		{4578BA94-82E6-48DC-8076-1A488E1CEC30}.Debug|x64.ActiveCfg = Debug|x64
		{4578BA94-82E6-48DC-8076-1A488E1CEC30}.Debug|x64.Build.0 = Debug|x64
		{4578BA94-82E6-48DC-8076-1A488E1CEC30}.Debug|x86.ActiveCfg = Debug|Win32
		{4578BA94-82E6-48DC-8076-1A488E1CEC30}.Debug|x86.Build.0 = Debug|Win32
		{4578BA94-82E6-48DC-8076-1A488E1CEC30}.Release|Any CPU.ActiveCfg = Release|x64
		{4578BA94-82E6-48DC-8076-1A488E1CEC30}.Release|Any CPU.Build.0 = Release|x64
		{4578BA94-82E6-48DC-8076-1A488E1CEC30}.Release|x64.ActiveCfg = Release|x64
		{4578BA94-82E6-48DC-8076-1A488E1CEC30}.Release|x64.Build.0 = Release|x64
		{4578BA94-82E6-48DC-8076-1A488E1CEC30}.Release|x86.ActiveCfg = Release|Win32
		{4578BA94-82E6-48DC-8076-1A488E1CEC30}.Release|x86.Build.0 = Release|Win32
		{4578BA94-82E6-48DC-8076-1A488E1CEC30}.RemoteDebug|Any CPU.ActiveCfg = RemoteDebug|x64
		{4578BA94-82E6-48DC-8076-1A488E1CEC30}.RemoteDebug|Any CPU.Build.0 = RemoteDebug|x64
		{4578BA94-82E6-48DC-8076-1A488E1CEC30}.RemoteDebug|x64.ActiveCfg = RemoteDebug|x64
		{4578BA94-82E6-48DC-8076-1A488E1CEC30}.RemoteDebug|x64.Build.0 = RemoteDebug|x64
		{4578BA94-82E6-48DC-8076-1A488E1CEC30}.RemoteDebug|x86.ActiveCfg = Release|Win32
		{4578BA94-82E6-48DC-8076-1A488E1CEC30}.RemoteDebug|x86.Build.0 = Release|Win32
		{4578BA94-82E6-48DC-8076-1A488E1CEC30}.RemoteRelease|Any CPU.ActiveCfg = RemoteRelease|x64
		{4578BA94-82E6-48DC-8076-1A488E1CEC30}.RemoteRelease|Any CPU.Build.0 = RemoteRelease|x64
		{4578BA94-82E6-48DC-8076-1A488E1CEC30}.RemoteRelease|x64.ActiveCfg = RemoteRelease|x64
		{4578BA94-82E6-48DC-8076-1A488E1CEC30}.RemoteRelease|x64.Build.0 = RemoteRelease|x64
		{4578BA94-82E6-48DC-8076-1A488E1CEC30}.RemoteRelease|x86.ActiveCfg = Release|Win32
		{4578BA94-82E6-48DC-8076-1A488E1CEC30}.RemoteRelease|x86.Build.0 = Release|Win32
		{A4A15C6D-4541-4FF2-8BD5-F8ED82CE3520}.Debug|Any CPU.ActiveCfg = Debug|x64
		{A4A15C6D-4541-4FF2-8BD5-F8ED82CE3520}.Debug|Any CPU.Build.0 = Debug|x64
		{A4A15C6D-4541-4FF2-8BD5-F8ED82CE3520}.Debug|x64.ActiveCfg = Debug|x64
		{A4A15C6D-4541-4FF2-8BD5-F8ED82CE3520}.Debug|x64.Build.0 = Debug|x64
		{A4A15C6D-4541-4FF2-8BD5-F8ED82CE3520}.Debug|x86.ActiveCfg = Debug|Win32
		{A4A15C6D-4541-4FF2-8BD5-F8ED82CE3520}.Debug|x86.Build.0 = Debug|Win32
		{A4A15C6D-4541-4FF2-8BD5-F8ED82CE3520}.Release|Any CPU.ActiveCfg = Release|x64
		{A4A15C6D-4541-4FF2-8BD5-F8ED82CE3520}.Release|Any CPU.Build.0 = Release|x64
		{A4A15C6D-4541-4FF2-8BD5-F8ED82CE3520}.Release|x64.ActiveCfg = Release|x64
		{A4A15C6D-4541-4FF2-8BD5-F8ED82CE3520}.Release|x64.Build.0 = Release|x64
		{A4A15C6D-4541-4FF2-8BD5-F8ED82CE3520}.Release|x86.ActiveCfg = Release|Win32
		{A4A15C6D-4541-4FF2-8BD5-F8ED82CE3520}.Release|x86.Build.0 = Release|Win32
		{A4A15C6D-4541-4FF2-8BD5-F8ED82CE3520}.RemoteDebug|Any CPU.ActiveCfg = RemoteDebug|x64
		{A4A15C6D-4541-4FF2-8BD5-F8ED82CE3520}.RemoteDebug|Any CPU.Build.0 = RemoteDebug|x64
		{A4A15C6D-4541-4FF2-8BD5-F8ED82CE3520}.RemoteDebug|x64.ActiveCfg = RemoteDebug|x64
		{A4A15C6D-4541-4FF2-8BD5-F8ED82CE3520}.RemoteDebug|x64.Build.0 = RemoteDebug|x64
		{A4A15C6D-4541-4FF2-8BD5-F8ED82CE3520}.RemoteDebug|x86.ActiveCfg = RemoteDebug|Win32
		{A4A15C6D-4541-4FF2-8BD5-F8ED82CE3520}.RemoteDebug|x86.Build.0 = RemoteDebug|Win32
		{A4A15C6D-4541-4FF2-8BD5-F8ED82CE3520}.RemoteRelease|Any CPU.ActiveCfg = RemoteRelease|x64
		{A4A15C6D-4541-4FF2-8BD5-F8ED82CE3520}.RemoteRelease|Any CPU.Build.0 = RemoteRelease|x64
		{A4A15C6D-4541-4FF2-8BD5-F8ED82CE3520}.RemoteRelease|x64.ActiveCfg = RemoteRelease|x64
		{A4A15C6D-4541-4FF2-8BD5-F8ED82CE3520}.RemoteRelease|x64.Build.0 = RemoteRelease|x64
		{A4A15C6D-4541-4FF2-8BD5-F8ED82CE3520}.RemoteRelease|x86.ActiveCfg = RemoteRelease|Win32
		{A4A15C6D-4541-4FF2-8BD5-F8ED82CE3520}.RemoteRelease|x86.Build.0 = RemoteRelease|Win32
		{DAD03223-373D-4C3A-A547-545C80A7181D}.Debug|Any CPU.ActiveCfg = Debug|x64
		{DAD03223-373D-4C3A-A547-545C80A7181D}.Debug|Any CPU.Build.0 = Debug|x64
		{DAD03223-373D-4C3A-A547-545C80A7181D}.Debug|x64.ActiveCfg = Debug|x64
		{DAD03223-373D-4C3A-A547-545C80A7181D}.Debug|x64.Build.0 = Debug|x64
		{DAD03223-373D-4C3A-A547-545C80A7181D}.Debug|x86.ActiveCfg = Debug|Win32
		{DAD03223-373D-4C3A-A547-545C80A7181D}.Debug|x86.Build.0 = Debug|Win32
		{DAD03223-373D-4C3A-A547-545C80A7181D}.Release|Any CPU.ActiveCfg = Release|x64
		{DAD03223-373D-4C3A-A547-545C80A7181D}.Release|Any CPU.Build.0 = Release|x64
		{DAD03223-373D-4C3A-A547-545C80A7181D}.Release|x64.ActiveCfg = Release|x64
		{DAD03223-373D-4C3A-A547-545C80A7181D}.Release|x64.Build.0 = Release|x64
		{DAD03223-373D-4C3A-A547-545C80A7181D}.Release|x86.ActiveCfg = Release|Win32
		{DAD03223-373D-4C3A-A547-545C80A7181D}.Release|x86.Build.0 = Release|Win32
		{DAD03223-373D-4C3A-A547-545C80A7181D}.RemoteDebug|Any CPU.ActiveCfg = RemoteDebug|x64
		{DAD03223-373D-4C3A-A547-545C80A7181D}.RemoteDebug|Any CPU.Build.0 = RemoteDebug|x64
		{DAD03223-373D-4C3A-A547-545C80A7181D}.RemoteDebug|x64.ActiveCfg = RemoteDebug|x64
		{DAD03223-373D-4C3A-A547-545C80A7181D}.RemoteDebug|x64.Build.0 = RemoteDebug|x64
		{DAD03223-373D-4C3A-A547-545C80A7181D}.RemoteDebug|x86.ActiveCfg = RemoteDebug|Win32
		{DAD03223-373D-4C3A-A547-545C80A7181D}.RemoteDebug|x86.Build.0 = RemoteDebug|Win32
		{DAD03223-373D-4C3A-A547-545C80A7181D}.RemoteRelease|Any CPU.ActiveCfg = RemoteRelease|x64
		{DAD03223-373D-4C3A-A547-545C80A7181D}.RemoteRelease|Any CPU.Build.0 = RemoteRelease|x64
		{DAD03223-373D-4C3A-A547-545C80A7181D}.RemoteRelease|x64.ActiveCfg = RemoteRelease|x64
		{DAD03223-373D-4C3A-A547-545C80A7181D}.RemoteRelease|x64.Build.0 = RemoteRelease|x64
		{DAD03223-373D-4C3A-A547-545C80A7181D}.RemoteRelease|x86.ActiveCfg = RemoteRelease|Win32
		{DAD03223-373D-4C3A-A547-545C80A7181D}.RemoteRelease|x86.Build.0 = RemoteRelease|Win32
		{459CB872-B2FE-44DE-A7A2-9F8D3D061C2B}.Debug|Any CPU.ActiveCfg = Debug|x64
		{459CB872-B2FE-44DE-A7A2-9F8D3D061C2B}.Debug|Any CPU.Build.0 = Debug|x64
		{459CB872-B2FE-44DE-A7A2-9F8D3D061C2B}.Debug|x64.ActiveCfg = Debug|x64
		{459CB872-B2FE-44DE-A7A2-9F8D3D061C2B}.Debug|x64.Build.0 = Debug|x64
		{459CB872-B2FE-44DE-A7A2-9F8D3D061C2B}.Debug|x86.ActiveCfg = Debug|Win32
		{459CB872-B2FE-44DE-A7A2-9F8D3D061C2B}.Debug|x86.Build.0 = Debug|Win32
		{459CB872-B2FE-44DE-A7A2-9F8D3D061C2B}.Release|Any CPU.ActiveCfg = Release|x64
		{459CB872-B2FE-44DE-A7A2-9F8D3D061C2B}.Release|Any CPU.Build.0 = Release|x64
		{459CB872-B2FE-44DE-A7A2-9F8D3D061C2B}.Release|x64.ActiveCfg = Release|x64
		{459CB872-B2FE-44DE-A7A2-9F8D3D061C2B}.Release|x64.Build.0 = Release|x64
		{459CB872-B2FE-44DE-A7A2-9F8D3D061C2B}.Release|x86.ActiveCfg = Release|Win32
		{459CB872-B2FE-44DE-A7A2-9F8D3D061C2B}.Release|x86.Build.0 = Release|Win32
		{459CB872-B2FE-44DE-A7A2-9F8D3D061C2B}.RemoteDebug|Any CPU.ActiveCfg = RemoteDebug|x64
		{459CB872-B2FE-44DE-A7A2-9F8D3D061C2B}.RemoteDebug|Any CPU.Build.0 = RemoteDebug|x64
		{459CB872-B2FE-44DE-A7A2-9F8D3D061C2B}.RemoteDebug|Any CPU.Deploy.0 = RemoteDebug|x64
		{459CB872-B2FE-44DE-A7A2-9F8D3D061C2B}.RemoteDebug|x64.ActiveCfg = RemoteDebug|x64
		{459CB872-B2FE-44DE-A7A2-9F8D3D061C2B}.RemoteDebug|x64.Build.0 = RemoteDebug|x64
		{459CB872-B2FE-44DE-A7A2-9F8D3D061C2B}.RemoteDebug|x64.Deploy.0 = RemoteDebug|x64
		{459CB872-B2FE-44DE-A7A2-9F8D3D061C2B}.RemoteDebug|x86.ActiveCfg = RemoteDebug|Win32
		{459CB872-B2FE-44DE-A7A2-9F8D3D061C2B}.RemoteDebug|x86.Build.0 = RemoteDebug|Win32
		{459CB872-B2FE-44DE-A7A2-9F8D3D061C2B}.RemoteRelease|Any CPU.ActiveCfg = RemoteRelease|x64
		{459CB872-B2FE-44DE-A7A2-9F8D3D061C2B}.RemoteRelease|Any CPU.Build.0 = RemoteRelease|x64
		{459CB872-B2FE-44DE-A7A2-9F8D3D061C2B}.RemoteRelease|Any CPU.Deploy.0 = RemoteRelease|x64
		{459CB872-B2FE-44DE-A7A2-9F8D3D061C2B}.RemoteRelease|x64.ActiveCfg = RemoteRelease|x64
		{459CB872-B2FE-44DE-A7A2-9F8D3D061C2B}.RemoteRelease|x64.Build.0 = RemoteRelease|x64
		{459CB872-B2FE-44DE-A7A2-9F8D3D061C2B}.RemoteRelease|x64.Deploy.0 = RemoteRelease|x64
		{459CB872-B2FE-44DE-A7A2-9F8D3D061C2B}.RemoteRelease|x86.ActiveCfg = RemoteRelease|Win32
		{459CB872-B2FE-44DE-A7A2-9F8D3D061C2B}.RemoteRelease|x86.Build.0 = RemoteRelease|Win32
		{AE17AC0D-66CB-4C35-BEE9-F19788487242}.Debug|Any CPU.ActiveCfg = Debug|x64
		{AE17AC0D-66CB-4C35-BEE9-F19788487242}.Debug|Any CPU.Build.0 = Debug|x64
		{AE17AC0D-66CB-4C35-BEE9-F19788487242}.Debug|x64.ActiveCfg = Debug|x64
		{AE17AC0D-66CB-4C35-BEE9-F19788487242}.Debug|x64.Build.0 = Debug|x64
		{AE17AC0D-66CB-4C35-BEE9-F19788487242}.Debug|x86.ActiveCfg = Debug|Win32
		{AE17AC0D-66CB-4C35-BEE9-F19788487242}.Debug|x86.Build.0 = Debug|Win32
		{AE17AC0D-66CB-4C35-BEE9-F19788487242}.Release|Any CPU.ActiveCfg = Release|x64
		{AE17AC0D-66CB-4C35-BEE9-F19788487242}.Release|Any CPU.Build.0 = Release|x64
		{AE17AC0D-66CB-4C35-BEE9-F19788487242}.Release|x64.ActiveCfg = Release|x64
		{AE17AC0D-66CB-4C35-BEE9-F19788487242}.Release|x64.Build.0 = Release|x64
		{AE17AC0D-66CB-4C35-BEE9-F19788487242}.Release|x86.ActiveCfg = Release|Win32
		{AE17AC0D-66CB-4C35-BEE9-F19788487242}.Release|x86.Build.0 = Release|Win32
		{AE17AC0D-66CB-4C35-BEE9-F19788487242}.RemoteDebug|Any CPU.ActiveCfg = RemoteDebug|x64
		{AE17AC0D-66CB-4C35-BEE9-F19788487242}.RemoteDebug|Any CPU.Build.0 = RemoteDebug|x64
		{AE17AC0D-66CB-4C35-BEE9-F19788487242}.RemoteDebug|x64.ActiveCfg = RemoteDebug|x64
		{AE17AC0D-66CB-4C35-BEE9-F19788487242}.RemoteDebug|x64.Build.0 = RemoteDebug|x64
		{AE17AC0D-66CB-4C35-BEE9-F19788487242}.RemoteDebug|x86.ActiveCfg = RemoteDebug|Win32
		{AE17AC0D-66CB-4C35-BEE9-F19788487242}.RemoteDebug|x86.Build.0 = RemoteDebug|Win32
		{AE17AC0D-66CB-4C35-BEE9-F19788487242}.RemoteRelease|Any CPU.ActiveCfg = RemoteRelease|x64
		{AE17AC0D-66CB-4C35-BEE9-F19788487242}.RemoteRelease|Any CPU.Build.0 = RemoteRelease|x64
		{AE17AC0D-66CB-4C35-BEE9-F19788487242}.RemoteRelease|x64.ActiveCfg = RemoteRelease|x64
		{AE17AC0D-66CB-4C35-BEE9-F19788487242}.RemoteRelease|x64.Build.0 = RemoteRelease|x64
		{AE17AC0D-66CB-4C35-BEE9-F19788487242}.RemoteRelease|x86.ActiveCfg = RemoteRelease|Win32
		{AE17AC0D-66CB-4C35-BEE9-F19788487242}.RemoteRelease|x86.Build.0 = RemoteRelease|Win32
		{18D1D545-94F5-454D-A49B-57DDDF06865B}.Debug|Any CPU.ActiveCfg = Debug|x64
		{18D1D545-94F5-454D-A49B-57DDDF06865B}.Debug|Any CPU.Build.0 = Debug|x64
		{18D1D545-94F5-454D-A49B-57DDDF06865B}.Debug|x64.ActiveCfg = Debug|x64
		{18D1D545-94F5-454D-A49B-57DDDF06865B}.Debug|x64.Build.0 = Debug|x64
		{18D1D545-94F5-454D-A49B-57DDDF06865B}.Debug|x86.ActiveCfg = Debug|Win32
		{18D1D545-94F5-454D-A49B-57DDDF06865B}.Debug|x86.Build.0 = Debug|Win32
		{18D1D545-94F5-454D-A49B-57DDDF06865B}.Release|Any CPU.ActiveCfg = Release|x64
		{18D1D545-94F5-454D-A49B-57DDDF06865B}.Release|Any CPU.Build.0 = Release|x64
		{18D1D545-94F5-454D-A49B-57DDDF06865B}.Release|x64.ActiveCfg = Release|x64
		{18D1D545-94F5-454D-A49B-57DDDF06865B}.Release|x64.Build.0 = Release|x64
		{18D1D545-94F5-454D-A49B-57DDDF06865B}.Release|x86.ActiveCfg = Release|Win32
		{18D1D545-94F5-454D-A49B-57DDDF06865B}.Release|x86.Build.0 = Release|Win32
		{18D1D545-94F5-454D-A49B-57DDDF06865B}.RemoteDebug|Any CPU.ActiveCfg = RemoteDebug|x64
		{18D1D545-94F5-454D-A49B-57DDDF06865B}.RemoteDebug|Any CPU.Build.0 = RemoteDebug|x64
		{18D1D545-94F5-454D-A49B-57DDDF06865B}.RemoteDebug|x64.ActiveCfg = RemoteDebug|x64
		{18D1D545-94F5-454D-A49B-57DDDF06865B}.RemoteDebug|x64.Build.0 = RemoteDebug|x64
		{18D1D545-94F5-454D-A49B-57DDDF06865B}.RemoteDebug|x64.Deploy.0 = RemoteDebug|x64
		{18D1D545-94F5-454D-A49B-57DDDF06865B}.RemoteDebug|x86.ActiveCfg = RemoteDebug|Win32
		{18D1D545-94F5-454D-A49B-57DDDF06865B}.RemoteDebug|x86.Build.0 = RemoteDebug|Win32
		{18D1D545-94F5-454D-A49B-57DDDF06865B}.RemoteRelease|Any CPU.ActiveCfg = RemoteRelease|x64
		{18D1D545-94F5-454D-A49B-57DDDF06865B}.RemoteRelease|Any CPU.Build.0 = RemoteRelease|x64
		{18D1D545-94F5-454D-A49B-57DDDF06865B}.RemoteRelease|x64.ActiveCfg = RemoteRelease|x64
		{18D1D545-94F5-454D-A49B-57DDDF06865B}.RemoteRelease|x64.Build.0 = RemoteRelease|x64
		{18D1D545-94F5-454D-A49B-57DDDF06865B}.RemoteRelease|x64.Deploy.0 = RemoteRelease|x64
		{18D1D545-94F5-454D-A49B-57DDDF06865B}.RemoteRelease|x86.ActiveCfg = RemoteRelease|Win32
		{18D1D545-94F5-454D-A49B-57DDDF06865B}.RemoteRelease|x86.Build.0 = RemoteRelease|Win32
		{2172D337-435A-452D-882F-0F42DDF2AF88}.Debug|Any CPU.ActiveCfg = Debug|x64
		{2172D337-435A-452D-882F-0F42DDF2AF88}.Debug|Any CPU.Build.0 = Debug|x64
		{2172D337-435A-452D-882F-0F42DDF2AF88}.Debug|x64.ActiveCfg = Debug|x64
		{2172D337-435A-452D-882F-0F42DDF2AF88}.Debug|x64.Build.0 = Debug|x64
		{2172D337-435A-452D-882F-0F42DDF2AF88}.Debug|x86.ActiveCfg = Debug|Win32
		{2172D337-435A-452D-882F-0F42DDF2AF88}.Debug|x86.Build.0 = Debug|Win32
		{2172D337-435A-452D-882F-0F42DDF2AF88}.Release|Any CPU.ActiveCfg = Release|x64
		{2172D337-435A-452D-882F-0F42DDF2AF88}.Release|Any CPU.Build.0 = Release|x64
		{2172D337-435A-452D-882F-0F42DDF2AF88}.Release|x64.ActiveCfg = Release|x64
		{2172D337-435A-452D-882F-0F42DDF2AF88}.Release|x64.Build.0 = Release|x64
		{2172D337-435A-452D-882F-0F42DDF2AF88}.Release|x86.ActiveCfg = Release|Win32
		{2172D337-435A-452D-882F-0F42DDF2AF88}.Release|x86.Build.0 = Release|Win32
		{2172D337-435A-452D-882F-0F42DDF2AF88}.RemoteDebug|Any CPU.ActiveCfg = Release|x64
		{2172D337-435A-452D-882F-0F42DDF2AF88}.RemoteDebug|Any CPU.Build.0 = Release|x64
		{2172D337-435A-452D-882F-0F42DDF2AF88}.RemoteDebug|x64.ActiveCfg = Debug|x64
		{2172D337-435A-452D-882F-0F42DDF2AF88}.RemoteDebug|x64.Build.0 = Debug|x64
		{2172D337-435A-452D-882F-0F42DDF2AF88}.RemoteDebug|x86.ActiveCfg = Release|Win32
		{2172D337-435A-452D-882F-0F42DDF2AF88}.RemoteDebug|x86.Build.0 = Release|Win32
		{2172D337-435A-452D-882F-0F42DDF2AF88}.RemoteRelease|Any CPU.ActiveCfg = Release|x64
		{2172D337-435A-452D-882F-0F42DDF2AF88}.RemoteRelease|Any CPU.Build.0 = Release|x64
		{2172D337-435A-452D-882F-0F42DDF2AF88}.RemoteRelease|x64.ActiveCfg = Release|x64
		{2172D337-435A-452D-882F-0F42DDF2AF88}.RemoteRelease|x64.Build.0 = Release|x64
		{2172D337-435A-452D-882F-0F42DDF2AF88}.RemoteRelease|x86.ActiveCfg = Release|Win32
		{2172D337-435A-452D-882F-0F42DDF2AF88}.RemoteRelease|x86.Build.0 = Release|Win32
		{937741AF-0513-46B4-882D-3608E6FB1C74}.Debug|Any CPU.ActiveCfg = Debug|x64
		{937741AF-0513-46B4-882D-3608E6FB1C74}.Debug|Any CPU.Build.0 = Debug|x64
		{937741AF-0513-46B4-882D-3608E6FB1C74}.Debug|x64.ActiveCfg = Debug|x64
		{937741AF-0513-46B4-882D-3608E6FB1C74}.Debug|x64.Build.0 = Debug|x64
		{937741AF-0513-46B4-882D-3608E6FB1C74}.Debug|x86.ActiveCfg = Debug|Win32
		{937741AF-0513-46B4-882D-3608E6FB1C74}.Debug|x86.Build.0 = Debug|Win32
		{937741AF-0513-46B4-882D-3608E6FB1C74}.Release|Any CPU.ActiveCfg = Release|x64
		{937741AF-0513-46B4-882D-3608E6FB1C74}.Release|Any CPU.Build.0 = Release|x64
		{937741AF-0513-46B4-882D-3608E6FB1C74}.Release|x64.ActiveCfg = Release|x64
		{937741AF-0513-46B4-882D-3608E6FB1C74}.Release|x64.Build.0 = Release|x64
		{937741AF-0513-46B4-882D-3608E6FB1C74}.Release|x86.ActiveCfg = Release|Win32
		{937741AF-0513-46B4-882D-3608E6FB1C74}.Release|x86.Build.0 = Release|Win32
		{937741AF-0513-46B4-882D-3608E6FB1C74}.RemoteDebug|Any CPU.ActiveCfg = RemoteDebug|x64
		{937741AF-0513-46B4-882D-3608E6FB1C74}.RemoteDebug|Any CPU.Build.0 = RemoteDebug|x64
		{937741AF-0513-46B4-882D-3608E6FB1C74}.RemoteDebug|x64.ActiveCfg = RemoteDebug|x64
		{937741AF-0513-46B4-882D-3608E6FB1C74}.RemoteDebug|x64.Build.0 = RemoteDebug|x64
		{937741AF-0513-46B4-882D-3608E6FB1C74}.RemoteDebug|x86.ActiveCfg = RemoteDebug|Win32
		{937741AF-0513-46B4-882D-3608E6FB1C74}.RemoteDebug|x86.Build.0 = RemoteDebug|Win32
		{937741AF-0513-46B4-882D-3608E6FB1C74}.RemoteRelease|Any CPU.ActiveCfg = RemoteRelease|x64
		{937741AF-0513-46B4-882D-3608E6FB1C74}.RemoteRelease|Any CPU.Build.0 = RemoteRelease|x64
		{937741AF-0513-46B4-882D-3608E6FB1C74}.RemoteRelease|x64.ActiveCfg = RemoteRelease|x64
		{937741AF-0513-46B4-882D-3608E6FB1C74}.RemoteRelease|x64.Build.0 = RemoteRelease|x64
		{937741AF-0513-46B4-882D-3608E6FB1C74}.RemoteRelease|x86.ActiveCfg = RemoteRelease|Win32
		{937741AF-0513-46B4-882D-3608E6FB1C74}.RemoteRelease|x86.Build.0 = RemoteRelease|Win32
		{9013F09F-2785-4910-9E55-881137663939}.Debug|Any CPU.ActiveCfg = Debug|x64
		{9013F09F-2785-4910-9E55-881137663939}.Debug|Any CPU.Build.0 = Debug|x64
		{9013F09F-2785-4910-9E55-881137663939}.Debug|x64.ActiveCfg = Debug|x64
		{9013F09F-2785-4910-9E55-881137663939}.Debug|x64.Build.0 = Debug|x64
		{9013F09F-2785-4910-9E55-881137663939}.Debug|x86.ActiveCfg = Debug|Win32
		{9013F09F-2785-4910-9E55-881137663939}.Debug|x86.Build.0 = Debug|Win32
		{9013F09F-2785-4910-9E55-881137663939}.Release|Any CPU.ActiveCfg = Release|x64
		{9013F09F-2785-4910-9E55-881137663939}.Release|Any CPU.Build.0 = Release|x64
		{9013F09F-2785-4910-9E55-881137663939}.Release|x64.ActiveCfg = Release|x64
		{9013F09F-2785-4910-9E55-881137663939}.Release|x64.Build.0 = Release|x64
		{9013F09F-2785-4910-9E55-881137663939}.Release|x86.ActiveCfg = Release|Win32
		{9013F09F-2785-4910-9E55-881137663939}.Release|x86.Build.0 = Release|Win32
		{9013F09F-2785-4910-9E55-881137663939}.RemoteDebug|Any CPU.ActiveCfg = RemoteDebug|x64
		{9013F09F-2785-4910-9E55-881137663939}.RemoteDebug|Any CPU.Build.0 = RemoteDebug|x64
		{9013F09F-2785-4910-9E55-881137663939}.RemoteDebug|Any CPU.Deploy.0 = RemoteDebug|x64
		{9013F09F-2785-4910-9E55-881137663939}.RemoteDebug|x64.ActiveCfg = RemoteDebug|x64
		{9013F09F-2785-4910-9E55-881137663939}.RemoteDebug|x64.Build.0 = RemoteDebug|x64
		{9013F09F-2785-4910-9E55-881137663939}.RemoteDebug|x64.Deploy.0 = RemoteDebug|x64
		{9013F09F-2785-4910-9E55-881137663939}.RemoteDebug|x86.ActiveCfg = RemoteDebug|Win32
		{9013F09F-2785-4910-9E55-881137663939}.RemoteDebug|x86.Build.0 = RemoteDebug|Win32
		{9013F09F-2785-4910-9E55-881137663939}.RemoteRelease|Any CPU.ActiveCfg = RemoteRelease|x64
		{9013F09F-2785-4910-9E55-881137663939}.RemoteRelease|Any CPU.Build.0 = RemoteRelease|x64
		{9013F09F-2785-4910-9E55-881137663939}.RemoteRelease|Any CPU.Deploy.0 = RemoteRelease|x64
		{9013F09F-2785-4910-9E55-881137663939}.RemoteRelease|x64.ActiveCfg = RemoteRelease|x64
		{9013F09F-2785-4910-9E55-881137663939}.RemoteRelease|x64.Build.0 = RemoteRelease|x64
		{9013F09F-2785-4910-9E55-881137663939}.RemoteRelease|x64.Deploy.0 = RemoteRelease|x64
		{9013F09F-2785-4910-9E55-881137663939}.RemoteRelease|x86.ActiveCfg = RemoteRelease|Win32
		{9013F09F-2785-4910-9E55-881137663939}.RemoteRelease|x86.Build.0 = RemoteRelease|Win32
		{FC960445-3EAA-4EFE-9C40-BCAC5E88F83A}.Debug|Any CPU.ActiveCfg = Debug|x64
		{FC960445-3EAA-4EFE-9C40-BCAC5E88F83A}.Debug|Any CPU.Build.0 = Debug|x64
		{FC960445-3EAA-4EFE-9C40-BCAC5E88F83A}.Debug|x64.ActiveCfg = Debug|x64
		{FC960445-3EAA-4EFE-9C40-BCAC5E88F83A}.Debug|x64.Build.0 = Debug|x64
		{FC960445-3EAA-4EFE-9C40-BCAC5E88F83A}.Debug|x86.ActiveCfg = Debug|Win32
		{FC960445-3EAA-4EFE-9C40-BCAC5E88F83A}.Debug|x86.Build.0 = Debug|Win32
		{FC960445-3EAA-4EFE-9C40-BCAC5E88F83A}.Release|Any CPU.ActiveCfg = Release|x64
		{FC960445-3EAA-4EFE-9C40-BCAC5E88F83A}.Release|Any CPU.Build.0 = Release|x64
		{FC960445-3EAA-4EFE-9C40-BCAC5E88F83A}.Release|x64.ActiveCfg = Release|x64
		{FC960445-3EAA-4EFE-9C40-BCAC5E88F83A}.Release|x64.Build.0 = Release|x64
		{FC960445-3EAA-4EFE-9C40-BCAC5E88F83A}.Release|x86.ActiveCfg = Release|Win32
		{FC960445-3EAA-4EFE-9C40-BCAC5E88F83A}.Release|x86.Build.0 = Release|Win32
		{FC960445-3EAA-4EFE-9C40-BCAC5E88F83A}.RemoteDebug|Any CPU.ActiveCfg = Release|x64
		{FC960445-3EAA-4EFE-9C40-BCAC5E88F83A}.RemoteDebug|Any CPU.Build.0 = Release|x64
		{FC960445-3EAA-4EFE-9C40-BCAC5E88F83A}.RemoteDebug|x64.ActiveCfg = RemoteDebug|x64
		{FC960445-3EAA-4EFE-9C40-BCAC5E88F83A}.RemoteDebug|x64.Build.0 = RemoteDebug|x64
		{FC960445-3EAA-4EFE-9C40-BCAC5E88F83A}.RemoteDebug|x86.ActiveCfg = Release|Win32
		{FC960445-3EAA-4EFE-9C40-BCAC5E88F83A}.RemoteDebug|x86.Build.0 = Release|Win32
		{FC960445-3EAA-4EFE-9C40-BCAC5E88F83A}.RemoteRelease|Any CPU.ActiveCfg = Release|x64
		{FC960445-3EAA-4EFE-9C40-BCAC5E88F83A}.RemoteRelease|Any CPU.Build.0 = Release|x64
		{FC960445-3EAA-4EFE-9C40-BCAC5E88F83A}.RemoteRelease|x64.ActiveCfg = RemoteRelease|x64
		{FC960445-3EAA-4EFE-9C40-BCAC5E88F83A}.RemoteRelease|x64.Build.0 = RemoteRelease|x64
		{FC960445-3EAA-4EFE-9C40-BCAC5E88F83A}.RemoteRelease|x86.ActiveCfg = Release|Win32
		{FC960445-3EAA-4EFE-9C40-BCAC5E88F83A}.RemoteRelease|x86.Build.0 = Release|Win32
		{AAD7A98C-114A-47A2-BCDE-63F5E8A69686}.Debug|Any CPU.ActiveCfg = Debug|x64
		{AAD7A98C-114A-47A2-BCDE-63F5E8A69686}.Debug|Any CPU.Build.0 = Debug|x64
		{AAD7A98C-114A-47A2-BCDE-63F5E8A69686}.Debug|x64.ActiveCfg = Debug|x64
		{AAD7A98C-114A-47A2-BCDE-63F5E8A69686}.Debug|x64.Build.0 = Debug|x64
		{AAD7A98C-114A-47A2-BCDE-63F5E8A69686}.Debug|x86.ActiveCfg = Debug|Win32
		{AAD7A98C-114A-47A2-BCDE-63F5E8A69686}.Debug|x86.Build.0 = Debug|Win32
		{AAD7A98C-114A-47A2-BCDE-63F5E8A69686}.Release|Any CPU.ActiveCfg = Release|x64
		{AAD7A98C-114A-47A2-BCDE-63F5E8A69686}.Release|Any CPU.Build.0 = Release|x64
		{AAD7A98C-114A-47A2-BCDE-63F5E8A69686}.Release|x64.ActiveCfg = Release|x64
		{AAD7A98C-114A-47A2-BCDE-63F5E8A69686}.Release|x64.Build.0 = Release|x64
		{AAD7A98C-114A-47A2-BCDE-63F5E8A69686}.Release|x86.ActiveCfg = Release|Win32
		{AAD7A98C-114A-47A2-BCDE-63F5E8A69686}.Release|x86.Build.0 = Release|Win32
		{AAD7A98C-114A-47A2-BCDE-63F5E8A69686}.RemoteDebug|Any CPU.ActiveCfg = Release|x64
		{AAD7A98C-114A-47A2-BCDE-63F5E8A69686}.RemoteDebug|Any CPU.Build.0 = Release|x64
		{AAD7A98C-114A-47A2-BCDE-63F5E8A69686}.RemoteDebug|x64.ActiveCfg = RemoteDebug|x64
		{AAD7A98C-114A-47A2-BCDE-63F5E8A69686}.RemoteDebug|x64.Build.0 = RemoteDebug|x64
		{AAD7A98C-114A-47A2-BCDE-63F5E8A69686}.RemoteDebug|x86.ActiveCfg = Release|Win32
		{AAD7A98C-114A-47A2-BCDE-63F5E8A69686}.RemoteDebug|x86.Build.0 = Release|Win32
		{AAD7A98C-114A-47A2-BCDE-63F5E8A69686}.RemoteRelease|Any CPU.ActiveCfg = Release|x64
		{AAD7A98C-114A-47A2-BCDE-63F5E8A69686}.RemoteRelease|Any CPU.Build.0 = Release|x64
		{AAD7A98C-114A-47A2-BCDE-63F5E8A69686}.RemoteRelease|x64.ActiveCfg = RemoteRelease|x64
		{AAD7A98C-114A-47A2-BCDE-63F5E8A69686}.RemoteRelease|x64.Build.0 = RemoteRelease|x64
		{AAD7A98C-114A-47A2-BCDE-63F5E8A69686}.RemoteRelease|x86.ActiveCfg = Release|Win32
		{AAD7A98C-114A-47A2-BCDE-63F5E8A69686}.RemoteRelease|x86.Build.0 = Release|Win32
		{C6FF068D-4798-43AF-B53D-C787A9792758}.Debug|Any CPU.ActiveCfg = Debug|Any CPU
		{C6FF068D-4798-43AF-B53D-C787A9792758}.Debug|x64.ActiveCfg = Debug|Any CPU
		{C6FF068D-4798-43AF-B53D-C787A9792758}.Debug|x86.ActiveCfg = Debug|Any CPU
		{C6FF068D-4798-43AF-B53D-C787A9792758}.Release|Any CPU.ActiveCfg = Release|Any CPU
		{C6FF068D-4798-43AF-B53D-C787A9792758}.Release|x64.ActiveCfg = Release|Any CPU
		{C6FF068D-4798-43AF-B53D-C787A9792758}.Release|x86.ActiveCfg = Release|Any CPU
		{C6FF068D-4798-43AF-B53D-C787A9792758}.RemoteDebug|Any CPU.ActiveCfg = Release|Any CPU
		{C6FF068D-4798-43AF-B53D-C787A9792758}.RemoteDebug|x64.ActiveCfg = Debug|Any CPU
		{C6FF068D-4798-43AF-B53D-C787A9792758}.RemoteDebug|x86.ActiveCfg = Release|Any CPU
		{C6FF068D-4798-43AF-B53D-C787A9792758}.RemoteRelease|Any CPU.ActiveCfg = Release|Any CPU
		{C6FF068D-4798-43AF-B53D-C787A9792758}.RemoteRelease|x64.ActiveCfg = Release|Any CPU
		{C6FF068D-4798-43AF-B53D-C787A9792758}.RemoteRelease|x86.ActiveCfg = Release|Any CPU
		{53C465B3-5329-40AB-90F4-148E5AF2165E}.Debug|Any CPU.ActiveCfg = Debug|x64
		{53C465B3-5329-40AB-90F4-148E5AF2165E}.Debug|Any CPU.Build.0 = Debug|x64
		{53C465B3-5329-40AB-90F4-148E5AF2165E}.Debug|x64.ActiveCfg = Debug|x64
		{53C465B3-5329-40AB-90F4-148E5AF2165E}.Debug|x64.Build.0 = Debug|x64
		{53C465B3-5329-40AB-90F4-148E5AF2165E}.Debug|x86.ActiveCfg = Debug|Win32
		{53C465B3-5329-40AB-90F4-148E5AF2165E}.Debug|x86.Build.0 = Debug|Win32
		{53C465B3-5329-40AB-90F4-148E5AF2165E}.Release|Any CPU.ActiveCfg = Release|x64
		{53C465B3-5329-40AB-90F4-148E5AF2165E}.Release|Any CPU.Build.0 = Release|x64
		{53C465B3-5329-40AB-90F4-148E5AF2165E}.Release|x64.ActiveCfg = Release|x64
		{53C465B3-5329-40AB-90F4-148E5AF2165E}.Release|x64.Build.0 = Release|x64
		{53C465B3-5329-40AB-90F4-148E5AF2165E}.Release|x86.ActiveCfg = Release|Win32
		{53C465B3-5329-40AB-90F4-148E5AF2165E}.Release|x86.Build.0 = Release|Win32
		{53C465B3-5329-40AB-90F4-148E5AF2165E}.RemoteDebug|Any CPU.ActiveCfg = Release|x64
		{53C465B3-5329-40AB-90F4-148E5AF2165E}.RemoteDebug|Any CPU.Build.0 = Release|x64
		{53C465B3-5329-40AB-90F4-148E5AF2165E}.RemoteDebug|x64.ActiveCfg = Release|x64
		{53C465B3-5329-40AB-90F4-148E5AF2165E}.RemoteDebug|x64.Build.0 = Release|x64
		{53C465B3-5329-40AB-90F4-148E5AF2165E}.RemoteDebug|x86.ActiveCfg = Release|Win32
		{53C465B3-5329-40AB-90F4-148E5AF2165E}.RemoteDebug|x86.Build.0 = Release|Win32
		{53C465B3-5329-40AB-90F4-148E5AF2165E}.RemoteRelease|Any CPU.ActiveCfg = Release|x64
		{53C465B3-5329-40AB-90F4-148E5AF2165E}.RemoteRelease|Any CPU.Build.0 = Release|x64
		{53C465B3-5329-40AB-90F4-148E5AF2165E}.RemoteRelease|x64.ActiveCfg = Release|x64
		{53C465B3-5329-40AB-90F4-148E5AF2165E}.RemoteRelease|x64.Build.0 = Release|x64
		{53C465B3-5329-40AB-90F4-148E5AF2165E}.RemoteRelease|x86.ActiveCfg = Release|Win32
		{53C465B3-5329-40AB-90F4-148E5AF2165E}.RemoteRelease|x86.Build.0 = Release|Win32
	EndGlobalSection
	GlobalSection(SolutionProperties) = preSolution
		HideSolutionNode = FALSE
	EndGlobalSection
	GlobalSection(ExtensibilityGlobals) = postSolution
		SolutionGuid = {7991138A-2BA5-4E9A-91D7-CC5AB16A8AC3}
	EndGlobalSection
EndGlobal
